
Microsoft Visual Studio Solution File, Format Version 12.00
# Visual Studio Version 17
VisualStudioVersion = 17.4.33213.308
MinimumVisualStudioVersion = 10.0.40219.1
Project("{9A19103F-16F7-4668-BE54-9A1E7A4F7556}") = "ORMComparisson", "ORMComparisson\ORMComparisson.csproj", "{B9E776EF-1203-405D-8428-DFDEA3645978}"
	ProjectSection(ProjectDependencies) = postProject
		{2F3982FF-3941-4945-89ED-03080FCBA916} = {2F3982FF-3941-4945-89ED-03080FCBA916}
		{87A589BA-BBEF-41FA-A731-9D03FAF14AB6} = {87A589BA-BBEF-41FA-A731-9D03FAF14AB6}
		{8B7945BF-C940-4EA7-8BF4-4B3C38B3795B} = {8B7945BF-C940-4EA7-8BF4-4B3C38B3795B}
	EndProjectSection
EndProject
Project("{9A19103F-16F7-4668-BE54-9A1E7A4F7556}") = "Entidades", "Entidades\Entidades.csproj", "{A1E5CCB9-5732-49F0-8042-239828DBE683}"
EndProject
Project("{9A19103F-16F7-4668-BE54-9A1E7A4F7556}") = "EFCore", "EFCore\EFCore.csproj", "{8B7945BF-C940-4EA7-8BF4-4B3C38B3795B}"
EndProject
Project("{9A19103F-16F7-4668-BE54-9A1E7A4F7556}") = "ADONET", "ADONET\ADONET.csproj", "{2F3982FF-3941-4945-89ED-03080FCBA916}"
	ProjectSection(ProjectDependencies) = postProject
		{A1E5CCB9-5732-49F0-8042-239828DBE683} = {A1E5CCB9-5732-49F0-8042-239828DBE683}
	EndProjectSection
EndProject
Project("{FAE04EC0-301F-11D3-BF4B-00C04F79EFBC}") = "NHiber", "NHibernate\NHiber.csproj", "{87A589BA-BBEF-41FA-A731-9D03FAF14AB6}"
	ProjectSection(ProjectDependencies) = postProject
		{A1E5CCB9-5732-49F0-8042-239828DBE683} = {A1E5CCB9-5732-49F0-8042-239828DBE683}
	EndProjectSection
EndProject
Project("{FAE04EC0-301F-11D3-BF4B-00C04F79EFBC}") = "Utilities", "Utilities\Utilities.csproj", "{C6F8E70C-2211-4ABA-9FE4-171D2B8BE105}"
EndProject
Global
	GlobalSection(SolutionConfigurationPlatforms) = preSolution
		Debug|Any CPU = Debug|Any CPU
		Release|Any CPU = Release|Any CPU
	EndGlobalSection
	GlobalSection(ProjectConfigurationPlatforms) = postSolution
		{B9E776EF-1203-405D-8428-DFDEA3645978}.Debug|Any CPU.ActiveCfg = Debug|Any CPU
		{B9E776EF-1203-405D-8428-DFDEA3645978}.Debug|Any CPU.Build.0 = Debug|Any CPU
		{B9E776EF-1203-405D-8428-DFDEA3645978}.Release|Any CPU.ActiveCfg = Release|Any CPU
		{B9E776EF-1203-405D-8428-DFDEA3645978}.Release|Any CPU.Build.0 = Release|Any CPU
		{A1E5CCB9-5732-49F0-8042-239828DBE683}.Debug|Any CPU.ActiveCfg = Debug|Any CPU
		{A1E5CCB9-5732-49F0-8042-239828DBE683}.Debug|Any CPU.Build.0 = Debug|Any CPU
		{A1E5CCB9-5732-49F0-8042-239828DBE683}.Release|Any CPU.ActiveCfg = Release|Any CPU
		{A1E5CCB9-5732-49F0-8042-239828DBE683}.Release|Any CPU.Build.0 = Release|Any CPU
		{8B7945BF-C940-4EA7-8BF4-4B3C38B3795B}.Debug|Any CPU.ActiveCfg = Debug|Any CPU
		{8B7945BF-C940-4EA7-8BF4-4B3C38B3795B}.Debug|Any CPU.Build.0 = Debug|Any CPU
		{8B7945BF-C940-4EA7-8BF4-4B3C38B3795B}.Release|Any CPU.ActiveCfg = Release|Any CPU
		{8B7945BF-C940-4EA7-8BF4-4B3C38B3795B}.Release|Any CPU.Build.0 = Release|Any CPU
		{2F3982FF-3941-4945-89ED-03080FCBA916}.Debug|Any CPU.ActiveCfg = Debug|Any CPU
		{2F3982FF-3941-4945-89ED-03080FCBA916}.Debug|Any CPU.Build.0 = Debug|Any CPU
		{2F3982FF-3941-4945-89ED-03080FCBA916}.Release|Any CPU.ActiveCfg = Release|Any CPU
		{2F3982FF-3941-4945-89ED-03080FCBA916}.Release|Any CPU.Build.0 = Release|Any CPU
		{87A589BA-BBEF-41FA-A731-9D03FAF14AB6}.Debug|Any CPU.ActiveCfg = Debug|Any CPU
		{87A589BA-BBEF-41FA-A731-9D03FAF14AB6}.Debug|Any CPU.Build.0 = Debug|Any CPU
		{87A589BA-BBEF-41FA-A731-9D03FAF14AB6}.Release|Any CPU.ActiveCfg = Release|Any CPU
		{87A589BA-BBEF-41FA-A731-9D03FAF14AB6}.Release|Any CPU.Build.0 = Release|Any CPU
		{C6F8E70C-2211-4ABA-9FE4-171D2B8BE105}.Debug|Any CPU.ActiveCfg = Debug|Any CPU
		{C6F8E70C-2211-4ABA-9FE4-171D2B8BE105}.Debug|Any CPU.Build.0 = Debug|Any CPU
		{C6F8E70C-2211-4ABA-9FE4-171D2B8BE105}.Release|Any CPU.ActiveCfg = Release|Any CPU
		{C6F8E70C-2211-4ABA-9FE4-171D2B8BE105}.Release|Any CPU.Build.0 = Release|Any CPU
	EndGlobalSection
	GlobalSection(SolutionProperties) = preSolution
		HideSolutionNode = FALSE
	EndGlobalSection
	GlobalSection(ExtensibilityGlobals) = postSolution
		SolutionGuid = {31CD5329-3397-449E-BEFA-9D411F38BAF6}
	EndGlobalSection
EndGlobal
